
Microsoft Visual Studio Solution File, Format Version 12.00
# Visual Studio 15
VisualStudioVersion = 15.0.27130.2020
MinimumVisualStudioVersion = 10.0.40219.1
Project("{FAE04EC0-301F-11D3-BF4B-00C04F79EFBC}") = "Tiea306", "Tiea306\Tiea306.csproj", "{11693F1D-BFFD-4E9E-B91D-A3269569A1AF}"
EndProject
Global
	GlobalSection(SolutionConfigurationPlatforms) = preSolution
		Debug|Any CPU = Debug|Any CPU
		Release|Any CPU = Release|Any CPU
	EndGlobalSection
	GlobalSection(ProjectConfigurationPlatforms) = postSolution
		{11693F1D-BFFD-4E9E-B91D-A3269569A1AF}.Debug|Any CPU.ActiveCfg = Debug|Any CPU
		{11693F1D-BFFD-4E9E-B91D-A3269569A1AF}.Debug|Any CPU.Build.0 = Debug|Any CPU
		{11693F1D-BFFD-4E9E-B91D-A3269569A1AF}.Release|Any CPU.ActiveCfg = Release|Any CPU
		{11693F1D-BFFD-4E9E-B91D-A3269569A1AF}.Release|Any CPU.Build.0 = Release|Any CPU
	EndGlobalSection
	GlobalSection(SolutionProperties) = preSolution
		HideSolutionNode = FALSE
	EndGlobalSection
	GlobalSection(ExtensibilityGlobals) = postSolution
		SolutionGuid = {597A6DF5-7E5F-4631-9DBF-0543F7A35710}
	EndGlobalSection
EndGlobal
